# Code generated by scarb DO NOT EDIT.
version = 1

[[package]]
name = "haiko_lib"
version = "2.0.0"
source = "git+https://github.com/haiko-xyz/library.git?branch=v2.0.0#86ed23e5f92c13a5608c8508a6efa64ad873ab31"
dependencies = [
 "openzeppelin",
 "snforge_std",
]

[[package]]
name = "haiko_solver_core"
version = "1.0.0"
dependencies = [
 "haiko_lib",
 "openzeppelin",
 "snforge_std",
]

[[package]]
name = "haiko_solver_replicating"
version = "1.0.0"
dependencies = [
 "haiko_lib",
 "haiko_solver_core",
 "openzeppelin",
 "snforge_std",
]

[[package]]
name = "haiko_solver_reversion"
version = "1.0.0"
dependencies = [
 "haiko_lib",
 "haiko_solver_core",
 "openzeppelin",
 "snforge_std",
]

[[package]]
name = "openzeppelin"
version = "0.11.0"
source = "git+https://github.com/OpenZeppelin/cairo-contracts.git?tag=v0.11.0#a83f36b23f1af6e160288962be4a2701c3ecbcda"

[[package]]
name = "snforge_std"
version = "0.21.0"
source = "git+https://github.com/foundry-rs/starknet-foundry.git?tag=v0.21.0#2996b8c1dd66b2715fc67e69578089f278a46790"
